
Microsoft Visual Studio Solution File, Format Version 12.00
# Visual Studio Version 16
VisualStudioVersion = 16.0.30204.135
MinimumVisualStudioVersion = 10.0.40219.1
Project("{FAE04EC0-301F-11D3-BF4B-00C04F79EFBC}") = "jlrp_api_core_template", "jlrp_api_core_template\jlrp_api_core_template\jlrp_api_core_template.csproj", "{88956BF7-C0CC-4C8A-890C-4E1478C37C23}"
EndProject
Project("{FAE04EC0-301F-11D3-BF4B-00C04F79EFBC}") = "jlrp_api_core_template.Test", "jlrp_api_core_template\jlrp_api_core_template.Test\jlrp_api_core_template.Test.csproj", "{2801D0ED-58E9-4EEE-AD54-8935590600C2}"
EndProject
Global
	GlobalSection(SolutionConfigurationPlatforms) = preSolution
		Debug|Any CPU = Debug|Any CPU
		Release|Any CPU = Release|Any CPU
	EndGlobalSection
	GlobalSection(ProjectConfigurationPlatforms) = postSolution
		{88956BF7-C0CC-4C8A-890C-4E1478C37C23}.Debug|Any CPU.ActiveCfg = Debug|Any CPU
		{88956BF7-C0CC-4C8A-890C-4E1478C37C23}.Debug|Any CPU.Build.0 = Debug|Any CPU
		{88956BF7-C0CC-4C8A-890C-4E1478C37C23}.Release|Any CPU.ActiveCfg = Release|Any CPU
		{88956BF7-C0CC-4C8A-890C-4E1478C37C23}.Release|Any CPU.Build.0 = Release|Any CPU
		{2801D0ED-58E9-4EEE-AD54-8935590600C2}.Debug|Any CPU.ActiveCfg = Debug|Any CPU
		{2801D0ED-58E9-4EEE-AD54-8935590600C2}.Debug|Any CPU.Build.0 = Debug|Any CPU
		{2801D0ED-58E9-4EEE-AD54-8935590600C2}.Release|Any CPU.ActiveCfg = Release|Any CPU
		{2801D0ED-58E9-4EEE-AD54-8935590600C2}.Release|Any CPU.Build.0 = Release|Any CPU
	EndGlobalSection
	GlobalSection(SolutionProperties) = preSolution
		HideSolutionNode = FALSE
	EndGlobalSection
	GlobalSection(ExtensibilityGlobals) = postSolution
		SolutionGuid = {7CDC43BC-18B1-48AB-AD26-BFB91AA3A837}
	EndGlobalSection
EndGlobal
